Microsoft Visual Studio Solution File, Format Version 12.00
# Visual Studio Version 17
VisualStudioVersion = 17.5.2.0
MinimumVisualStudioVersion = 10.0.40219.1
Project("{FAE04EC0-301F-11D3-BF4B-00C04F79EFBC}") = "IT_CSU", "IT_CSU.csproj", "{9CB57D9A-6D17-023C-953C-F9F0B5F9DAB7}"
EndProject
Global
	GlobalSection(SolutionConfigurationPlatforms) = preSolution
		Debug|Any CPU = Debug|Any CPU
		Release|Any CPU = Release|Any CPU
	EndGlobalSection
	GlobalSection(ProjectConfigurationPlatforms) = postSolution
		{9CB57D9A-6D17-023C-953C-F9F0B5F9DAB7}.Debug|Any CPU.ActiveCfg = Debug|Any CPU
		{9CB57D9A-6D17-023C-953C-F9F0B5F9DAB7}.Debug|Any CPU.Build.0 = Debug|Any CPU
		{9CB57D9A-6D17-023C-953C-F9F0B5F9DAB7}.Release|Any CPU.ActiveCfg = Release|Any CPU
		{9CB57D9A-6D17-023C-953C-F9F0B5F9DAB7}.Release|Any CPU.Build.0 = Release|Any CPU
	EndGlobalSection
	GlobalSection(SolutionProperties) = preSolution
		HideSolutionNode = FALSE
	EndGlobalSection
	GlobalSection(ExtensibilityGlobals) = postSolution
		SolutionGuid = {B51C8817-BD07-437E-8573-D6DA8573CBFF}
	EndGlobalSection
EndGlobal
